# This file is autogenerated, do not edit; changes may be undone by the next 'dep ensure'.


[[projects]]
  name = "github.com/pkg/profile"
  packages = ["."]
  revision = "5b67d428864e92711fcbd2f8629456121a56d91f"
  version = "v1.2.1"

[solve-meta]
  analyzer-name = "dep"
  analyzer-version = 1
  inputs-digest = "50f3e86fbf4347e58f6eddca8fd2c0ec88b8482a19e75dec0e53371c6c9ddbb8"
  solver-name = "gps-cdcl"
  solver-version = 1
